
Microsoft Visual Studio Solution File, Format Version 12.00
# Visual Studio Version 16
VisualStudioVersion = 16.0.31205.134
MinimumVisualStudioVersion = 10.0.40219.1
Project("{FAE04EC0-301F-11D3-BF4B-00C04F79EFBC}") = "SharpMiner", "SharpMiner\SharpMiner.csproj", "{B8C49153-2161-4D0D-A4D3-ECB566561031}"
EndProject
Project("{FAE04EC0-301F-11D3-BF4B-00C04F79EFBC}") = "SharpChain", "SharpChain\SharpChain.csproj", "{5C13A7DC-B484-40F6-A046-0F51B379B59E}"
EndProject
Global
	GlobalSection(SolutionConfigurationPlatforms) = preSolution
		Debug|Any CPU = Debug|Any CPU
		Release|Any CPU = Release|Any CPU
	EndGlobalSection
	GlobalSection(ProjectConfigurationPlatforms) = postSolution
		{B8C49153-2161-4D0D-A4D3-ECB566561031}.Debug|Any CPU.ActiveCfg = Debug|Any CPU
		{B8C49153-2161-4D0D-A4D3-ECB566561031}.Debug|Any CPU.Build.0 = Debug|Any CPU
		{B8C49153-2161-4D0D-A4D3-ECB566561031}.Release|Any CPU.ActiveCfg = Release|Any CPU
		{B8C49153-2161-4D0D-A4D3-ECB566561031}.Release|Any CPU.Build.0 = Release|Any CPU
		{5C13A7DC-B484-40F6-A046-0F51B379B59E}.Debug|Any CPU.ActiveCfg = Debug|Any CPU
		{5C13A7DC-B484-40F6-A046-0F51B379B59E}.Debug|Any CPU.Build.0 = Debug|Any CPU
		{5C13A7DC-B484-40F6-A046-0F51B379B59E}.Release|Any CPU.ActiveCfg = Release|Any CPU
		{5C13A7DC-B484-40F6-A046-0F51B379B59E}.Release|Any CPU.Build.0 = Release|Any CPU
	EndGlobalSection
	GlobalSection(SolutionProperties) = preSolution
		HideSolutionNode = FALSE
	EndGlobalSection
	GlobalSection(ExtensibilityGlobals) = postSolution
		SolutionGuid = {EBED42AB-54BD-4360-90F0-D292109DFDB7}
	EndGlobalSection
EndGlobal
